<?xml version="1.0" encoding="utf-8"?>
<Project ToolsVersion="4.0" xmlns="http://schemas.microsoft.com/developer/msbuild/2003">
  <ItemGroup>
    <Filter Include="Source Files">
      <UniqueIdentifier>{4FC737F1-C7A5-4376-A066-2A32D752A2FF}</UniqueIdentifier>
      <Extensions>cpp;c;cc;cxx;c++;cppm;ixx;def;odl;idl;hpj;bat;asm;asmx</Extensions>
    </Filter>
    <Filter Include="Header Files">
      <UniqueIdentifier>{93995380-89BD-4b04-88EB-625FBE52EBFB}</UniqueIdentifier>
      <Extensions>h;hh;hpp;hxx;h++;hm;inl;inc;ipp;xsd</Extensions>
    </Filter>
    <Filter Include="Resource Files">
      <UniqueIdentifier>{67DA6AB6-F800-4c08-8B7A-83BB121AAD01}</UniqueIdentifier>
      <Extensions>rc;ico;cur;bmp;dlg;rc2;rct;bin;rgs;gif;jpg;jpeg;jpe;resx;tiff;tif;png;wav;mfcribbon-ms</Extensions>
    </Filter>
  </ItemGroup>
  <ItemGroup>
    <ClCompile Include="Bank_Management_system.cpp">
      <Filter>Source Files</Filter>
    </ClCompile>
    <ClCompile Include="Bank_System.cpp">
      <Filter>Source Files</Filter>
    </ClCompile>
    <ClCompile Include="Bank_Staff.cpp">
      <Filter>Source Files</Filter>
    </ClCompile>
    <ClCompile Include="Display.cpp">
      <Filter>Source Files</Filter>
    </ClCompile>
    <ClCompile Include="Account_Modifications.cpp">
      <Filter>Source Files</Filter>
    </ClCompile>
    <ClCompile Include="Form_Applications.cpp">
      <Filter>Source Files</Filter>
    </ClCompile>
    <ClCompile Include="Money_Transaction.cpp">
      <Filter>Source Files</Filter>
    </ClCompile>
    <ClCompile Include="Main_menu.cpp">
      <Filter>Source Files</Filter>
    </ClCompile>
    <ClCompile Include="Balance_Inquiry.cpp">
      <Filter>Source Files</Filter>
    </ClCompile>
    <ClCompile Include="Tax_Invoice.cpp">
      <Filter>Source Files</Filter>
    </ClCompile>
    <ClCompile Include="bankdb.cpp">
      <Filter>Source Files</Filter>
    </ClCompile>
    <ClCompile Include="CppSQLite3.cpp">
      <Filter>Source Files</Filter>
    </ClCompile>
    <ClCompile Include="Node.cpp">
      <Filter>Source Files</Filter>
    </ClCompile>
  </ItemGroup>
  <ItemGroup>
    <ClInclude Include="Bank_System.h">
      <Filter>Header Files</Filter>
    </ClInclude>
    <ClInclude Include="Bank_Staff.h">
      <Filter>Header Files</Filter>
    </ClInclude>
    <ClInclude Include="Display.h">
      <Filter>Header Files</Filter>
    </ClInclude>
    <ClInclude Include="Account_Modificatons.h">
      <Filter>Header Files</Filter>
    </ClInclude>
    <ClInclude Include="Form_Applications.h">
      <Filter>Header Files</Filter>
    </ClInclude>
    <ClInclude Include="Money_Transaction.h">
      <Filter>Header Files</Filter>
    </ClInclude>
    <ClInclude Include="Main_menu.h">
      <Filter>Header Files</Filter>
    </ClInclude>
    <ClInclude Include="Balance_Inquiry.h">
      <Filter>Header Files</Filter>
    </ClInclude>
    <ClInclude Include="Tax_Invoice.h">
      <Filter>Header Files</Filter>
    </ClInclude>
    <ClInclude Include="..\..\..\..\..\..\Downloads\DNAssist-master\DNAssist-master\sqlite3\sqlite3.h">
      <Filter>Header Files</Filter>
    </ClInclude>
    <ClInclude Include="sqlite3\sqlite3.h">
      <Filter>Header Files</Filter>
    </ClInclude>
    <ClInclude Include="sqlite3.h">
      <Filter>Header Files</Filter>
    </ClInclude>
    <ClInclude Include="CppSQLite3.h">
      <Filter>Header Files</Filter>
    </ClInclude>
    <ClInclude Include="bankdb.h">
      <Filter>Header Files</Filter>
    </ClInclude>
    <ClInclude Include="Node.h">
      <Filter>Header Files</Filter>
    </ClInclude>
  </ItemGroup>
  <ItemGroup>
    <None Include="sqlite3\sqlite3.dll" />
    <None Include="sqlite3\sqlite3-64.dll" />
  </ItemGroup>
  <ItemGroup>
    <Library Include="sqlite3\sqlite3.lib" />
    <Library Include="sqlite3\sqlite3-64.lib" />
  </ItemGroup>
</Project>